// !$*UTF8*$!
{
	archiveVersion = 1;
	classes = {
	};
	objectVersion = 50;
	objects = {

/* Begin PBXBuildFile section */
		2533235423091A0C005F3D0D /* HourlyForecastView.swift in Sources */ = {isa = PBXBuildFile; fileRef = 2533235323091A0C005F3D0D /* HourlyForecastView.swift */; };
		2533235823091DB4005F3D0D /* DailyForecastView.swift in Sources */ = {isa = PBXBuildFile; fileRef = 2533235723091DB4005F3D0D /* DailyForecastView.swift */; };
		2533235A230959A4005F3D0D /* WeatherIcon.swift in Sources */ = {isa = PBXBuildFile; fileRef = 25332359230959A4005F3D0D /* WeatherIcon.swift */; };
		25420109230812F000FBD1BC /* AppDelegate.swift in Sources */ = {isa = PBXBuildFile; fileRef = 25420108230812F000FBD1BC /* AppDelegate.swift */; };
		2542010B230812F000FBD1BC /* SceneDelegate.swift in Sources */ = {isa = PBXBuildFile; fileRef = 2542010A230812F000FBD1BC /* SceneDelegate.swift */; };
		2542010D230812F000FBD1BC /* ContentView.swift in Sources */ = {isa = PBXBuildFile; fileRef = 2542010C230812F000FBD1BC /* ContentView.swift */; };
		2542010F230812F200FBD1BC /* Assets.xcassets in Resources */ = {isa = PBXBuildFile; fileRef = 2542010E230812F200FBD1BC /* Assets.xcassets */; };
		25420112230812F200FBD1BC /* Preview Assets.xcassets in Resources */ = {isa = PBXBuildFile; fileRef = 25420111230812F200FBD1BC /* Preview Assets.xcassets */; };
		25420115230812F200FBD1BC /* LaunchScreen.storyboard in Resources */ = {isa = PBXBuildFile; fileRef = 25420113230812F200FBD1BC /* LaunchScreen.storyboard */; };
		2542011E230822E500FBD1BC /* currentWeather.json in Resources */ = {isa = PBXBuildFile; fileRef = 2542011D230822E500FBD1BC /* currentWeather.json */; };
		254201242308C97900FBD1BC /* WeatherData.swift in Sources */ = {isa = PBXBuildFile; fileRef = 254201232308C97900FBD1BC /* WeatherData.swift */; };
		254201262308CADE00FBD1BC /* forecast.json in Resources */ = {isa = PBXBuildFile; fileRef = 254201252308CADE00FBD1BC /* forecast.json */; };
		254201282308D30100FBD1BC /* CityData.swift in Sources */ = {isa = PBXBuildFile; fileRef = 254201272308D30100FBD1BC /* CityData.swift */; };
		2542012A2309046600FBD1BC /* NetworkService.swift in Sources */ = {isa = PBXBuildFile; fileRef = 254201292309046600FBD1BC /* NetworkService.swift */; };
		2542012C2309048200FBD1BC /* City.swift in Sources */ = {isa = PBXBuildFile; fileRef = 2542012B2309048200FBD1BC /* City.swift */; };
		2542013123090CCC00FBD1BC /* SummaryView.swift in Sources */ = {isa = PBXBuildFile; fileRef = 2542013023090CCC00FBD1BC /* SummaryView.swift */; };
/* End PBXBuildFile section */

/* Begin PBXFileReference section */
		2533235323091A0C005F3D0D /* HourlyForecastView.swift */ = {isa = PBXFileReference; lastKnownFileType = sourcecode.swift; path = HourlyForecastView.swift; sourceTree = "<group>"; };
		2533235723091DB4005F3D0D /* DailyForecastView.swift */ = {isa = PBXFileReference; lastKnownFileType = sourcecode.swift; path = DailyForecastView.swift; sourceTree = "<group>"; };
		25332359230959A4005F3D0D /* WeatherIcon.swift */ = {isa = PBXFileReference; lastKnownFileType = sourcecode.swift; path = WeatherIcon.swift; sourceTree = "<group>"; };
		25420105230812F000FBD1BC /* WhatsWeather.app */ = {isa = PBXFileReference; explicitFileType = wrapper.application; includeInIndex = 0; path = WhatsWeather.app; sourceTree = BUILT_PRODUCTS_DIR; };
		25420108230812F000FBD1BC /* AppDelegate.swift */ = {isa = PBXFileReference; lastKnownFileType = sourcecode.swift; path = AppDelegate.swift; sourceTree = "<group>"; };
		2542010A230812F000FBD1BC /* SceneDelegate.swift */ = {isa = PBXFileReference; lastKnownFileType = sourcecode.swift; path = SceneDelegate.swift; sourceTree = "<group>"; };
		2542010C230812F000FBD1BC /* ContentView.swift */ = {isa = PBXFileReference; lastKnownFileType = sourcecode.swift; path = ContentView.swift; sourceTree = "<group>"; };
		2542010E230812F200FBD1BC /* Assets.xcassets */ = {isa = PBXFileReference; lastKnownFileType = folder.assetcatalog; path = Assets.xcassets; sourceTree = "<group>"; };
		25420111230812F200FBD1BC /* Preview Assets.xcassets */ = {isa = PBXFileReference; lastKnownFileType = folder.assetcatalog; path = "Preview Assets.xcassets"; sourceTree = "<group>"; };
		25420114230812F200FBD1BC /* Base */ = {isa = PBXFileReference; lastKnownFileType = file.storyboard; name = Base; path = Base.lproj/LaunchScreen.storyboard; sourceTree = "<group>"; };
		25420116230812F200FBD1BC /* Info.plist */ = {isa = PBXFileReference; lastKnownFileType = text.plist.xml; path = Info.plist; sourceTree = "<group>"; };
		2542011D230822E500FBD1BC /* currentWeather.json */ = {isa = PBXFileReference; lastKnownFileType = text.json; path = currentWeather.json; sourceTree = "<group>"; };
		254201232308C97900FBD1BC /* WeatherData.swift */ = {isa = PBXFileReference; lastKnownFileType = sourcecode.swift; path = WeatherData.swift; sourceTree = "<group>"; };
		254201252308CADE00FBD1BC /* forecast.json */ = {isa = PBXFileReference; lastKnownFileType = text.json; path = forecast.json; sourceTree = "<group>"; };
		254201272308D30100FBD1BC /* CityData.swift */ = {isa = PBXFileReference; lastKnownFileType = sourcecode.swift; path = CityData.swift; sourceTree = "<group>"; };
		254201292309046600FBD1BC /* NetworkService.swift */ = {isa = PBXFileReference; lastKnownFileType = sourcecode.swift; path = NetworkService.swift; sourceTree = "<group>"; };
		2542012B2309048200FBD1BC /* City.swift */ = {isa = PBXFileReference; lastKnownFileType = sourcecode.swift; path = City.swift; sourceTree = "<group>"; };
		2542013023090CCC00FBD1BC /* SummaryView.swift */ = {isa = PBXFileReference; lastKnownFileType = sourcecode.swift; path = SummaryView.swift; sourceTree = "<group>"; };
/* End PBXFileReference section */

/* Begin PBXFrameworksBuildPhase section */
		25420102230812F000FBD1BC /* Frameworks */ = {
			isa = PBXFrameworksBuildPhase;
			buildActionMask = 2147483647;
			files = (
			);
			runOnlyForDeploymentPostprocessing = 0;
		};
/* End PBXFrameworksBuildPhase section */

/* Begin PBXGroup section */
		254200FC230812F000FBD1BC = {
			isa = PBXGroup;
			children = (
				25420107230812F000FBD1BC /* WhatsWeather */,
				25420106230812F000FBD1BC /* Products */,
			);
			sourceTree = "<group>";
		};
		25420106230812F000FBD1BC /* Products */ = {
			isa = PBXGroup;
			children = (
				25420105230812F000FBD1BC /* WhatsWeather.app */,
			);
			name = Products;
			sourceTree = "<group>";
		};
		25420107230812F000FBD1BC /* WhatsWeather */ = {
			isa = PBXGroup;
			children = (
				2542011F2308233000FBD1BC /* API */,
				2542012D2309077600FBD1BC /* Views */,
				2542011C230822A400FBD1BC /* Resources */,
				25420108230812F000FBD1BC /* AppDelegate.swift */,
				2542010A230812F000FBD1BC /* SceneDelegate.swift */,
				2542010E230812F200FBD1BC /* Assets.xcassets */,
				25420113230812F200FBD1BC /* LaunchScreen.storyboard */,
				25420116230812F200FBD1BC /* Info.plist */,
				25420110230812F200FBD1BC /* Preview Content */,
			);
			path = WhatsWeather;
			sourceTree = "<group>";
		};
		25420110230812F200FBD1BC /* Preview Content */ = {
			isa = PBXGroup;
			children = (
				25420111230812F200FBD1BC /* Preview Assets.xcassets */,
			);
			path = "Preview Content";
			sourceTree = "<group>";
		};
		2542011C230822A400FBD1BC /* Resources */ = {
			isa = PBXGroup;
			children = (
				2542011D230822E500FBD1BC /* currentWeather.json */,
				254201252308CADE00FBD1BC /* forecast.json */,
			);
			path = Resources;
			sourceTree = "<group>";
		};
		2542011F2308233000FBD1BC /* API */ = {
			isa = PBXGroup;
			children = (
				254201202308233C00FBD1BC /* Models */,
				254201292309046600FBD1BC /* NetworkService.swift */,
			);
			path = API;
			sourceTree = "<group>";
		};
		254201202308233C00FBD1BC /* Models */ = {
			isa = PBXGroup;
			children = (
				254201232308C97900FBD1BC /* WeatherData.swift */,
				254201272308D30100FBD1BC /* CityData.swift */,
				2542012B2309048200FBD1BC /* City.swift */,
				25332359230959A4005F3D0D /* WeatherIcon.swift */,
			);
			path = Models;
			sourceTree = "<group>";
		};
		2542012D2309077600FBD1BC /* Views */ = {
			isa = PBXGroup;
			children = (
				2542010C230812F000FBD1BC /* ContentView.swift */,
				2542013023090CCC00FBD1BC /* SummaryView.swift */,
				2533235323091A0C005F3D0D /* HourlyForecastView.swift */,
				2533235723091DB4005F3D0D /* DailyForecastView.swift */,
			);
			path = Views;
			sourceTree = "<group>";
		};
/* End PBXGroup section */

/* Begin PBXNativeTarget section */
		25420104230812F000FBD1BC /* WhatsWeather */ = {
			isa = PBXNativeTarget;
			buildConfigurationList = 25420119230812F200FBD1BC /* Build configuration list for PBXNativeTarget "WhatsWeather" */;
			buildPhases = (
				25420101230812F000FBD1BC /* Sources */,
				25420102230812F000FBD1BC /* Frameworks */,
				25420103230812F000FBD1BC /* Resources */,
			);
			buildRules = (
			);
			dependencies = (
			);
			name = WhatsWeather;
			productName = WhatsWeather;
			productReference = 25420105230812F000FBD1BC /* WhatsWeather.app */;
			productType = "com.apple.product-type.application";
		};
/* End PBXNativeTarget section */

/* Begin PBXProject section */
		254200FD230812F000FBD1BC /* Project object */ = {
			isa = PBXProject;
			attributes = {
				LastSwiftUpdateCheck = 1100;
				LastUpgradeCheck = 1100;
				ORGANIZATIONNAME = Quintum;
				TargetAttributes = {
					25420104230812F000FBD1BC = {
						CreatedOnToolsVersion = 11.0;
					};
				};
			};
			buildConfigurationList = 25420100230812F000FBD1BC /* Build configuration list for PBXProject "WhatsWeather" */;
			compatibilityVersion = "Xcode 9.3";
			developmentRegion = en;
			hasScannedForEncodings = 0;
			knownRegions = (
				en,
				Base,
			);
			mainGroup = 254200FC230812F000FBD1BC;
			productRefGroup = 25420106230812F000FBD1BC /* Products */;
			projectDirPath = "";
			projectRoot = "";
			targets = (
				25420104230812F000FBD1BC /* WhatsWeather */,
			);
		};
/* End PBXProject section */

/* Begin PBXResourcesBuildPhase section */
		25420103230812F000FBD1BC /* Resources */ = {
			isa = PBXResourcesBuildPhase;
			buildActionMask = 2147483647;
			files = (
				25420115230812F200FBD1BC /* LaunchScreen.storyboard in Resources */,
				25420112230812F200FBD1BC /* Preview Assets.xcassets in Resources */,
				254201262308CADE00FBD1BC /* forecast.json in Resources */,
				2542011E230822E500FBD1BC /* currentWeather.json in Resources */,
				2542010F230812F200FBD1BC /* Assets.xcassets in Resources */,
			);
			runOnlyForDeploymentPostprocessing = 0;
		};
/* End PBXResourcesBuildPhase section */

/* Begin PBXSourcesBuildPhase section */
		25420101230812F000FBD1BC /* Sources */ = {
			isa = PBXSourcesBuildPhase;
			buildActionMask = 2147483647;
			files = (
				25420109230812F000FBD1BC /* AppDelegate.swift in Sources */,
				2533235823091DB4005F3D0D /* DailyForecastView.swift in Sources */,
				254201282308D30100FBD1BC /* CityData.swift in Sources */,
				2542010B230812F000FBD1BC /* SceneDelegate.swift in Sources */,
				2533235423091A0C005F3D0D /* HourlyForecastView.swift in Sources */,
				2542012A2309046600FBD1BC /* NetworkService.swift in Sources */,
				254201242308C97900FBD1BC /* WeatherData.swift in Sources */,
				2533235A230959A4005F3D0D /* WeatherIcon.swift in Sources */,
				2542013123090CCC00FBD1BC /* SummaryView.swift in Sources */,
				2542010D230812F000FBD1BC /* ContentView.swift in Sources */,
				2542012C2309048200FBD1BC /* City.swift in Sources */,
			);
			runOnlyForDeploymentPostprocessing = 0;
		};
/* End PBXSourcesBuildPhase section */

/* Begin PBXVariantGroup section */
		25420113230812F200FBD1BC /* LaunchScreen.storyboard */ = {
			isa = PBXVariantGroup;
			children = (
				25420114230812F200FBD1BC /* Base */,
			);
			name = LaunchScreen.storyboard;
			sourceTree = "<group>";
		};
/* End PBXVariantGroup section */

/* Begin XCBuildConfiguration section */
		25420117230812F200FBD1BC /* Debug */ = {
			isa = XCBuildConfiguration;
			buildSettings = {
				ALWAYS_SEARCH_USER_PATHS = NO;
				CLANG_ANALYZER_NONNULL = YES;
				CLANG_ANALYZER_NUMBER_OBJECT_CONVERSION = YES_AGGRESSIVE;
				CLANG_CXX_LANGUAGE_STANDARD = "gnu++14";
				CLANG_CXX_LIBRARY = "libc++";
				CLANG_ENABLE_MODULES = YES;
				CLANG_ENABLE_OBJC_ARC = YES;
				CLANG_ENABLE_OBJC_WEAK = YES;
				CLANG_WARN_BLOCK_CAPTURE_AUTORELEASING = YES;
				CLANG_WARN_BOOL_CONVERSION = YES;
				CLANG_WARN_COMMA = YES;
				CLANG_WARN_CONSTANT_CONVERSION = YES;
				CLANG_WARN_DEPRECATED_OBJC_IMPLEMENTATIONS = YES;
				CLANG_WARN_DIRECT_OBJC_ISA_USAGE = YES_ERROR;
				CLANG_WARN_DOCUMENTATION_COMMENTS = YES;
				CLANG_WARN_EMPTY_BODY = YES;
				CLANG_WARN_ENUM_CONVERSION = YES;
				CLANG_WARN_INFINITE_RECURSION = YES;
				CLANG_WARN_INT_CONVERSION = YES;
				CLANG_WARN_NON_LITERAL_NULL_CONVERSION = YES;
				CLANG_WARN_OBJC_IMPLICIT_RETAIN_SELF = YES;
				CLANG_WARN_OBJC_LITERAL_CONVERSION = YES;
				CLANG_WARN_OBJC_ROOT_CLASS = YES_ERROR;
				CLANG_WARN_RANGE_LOOP_ANALYSIS = YES;
				CLANG_WARN_STRICT_PROTOTYPES = YES;
				CLANG_WARN_SUSPICIOUS_MOVE = YES;
				CLANG_WARN_UNGUARDED_AVAILABILITY = YES_AGGRESSIVE;
				CLANG_WARN_UNREACHABLE_CODE = YES;
				CLANG_WARN__DUPLICATE_METHOD_MATCH = YES;
				COPY_PHASE_STRIP = NO;
				DEBUG_INFORMATION_FORMAT = dwarf;
				ENABLE_STRICT_OBJC_MSGSEND = YES;
				ENABLE_TESTABILITY = YES;
				GCC_C_LANGUAGE_STANDARD = gnu11;
				GCC_DYNAMIC_NO_PIC = NO;
				GCC_NO_COMMON_BLOCKS = YES;
				GCC_OPTIMIZATION_LEVEL = 0;
				GCC_PREPROCESSOR_DEFINITIONS = (
					"DEBUG=1",
					"$(inherited)",
				);
				GCC_WARN_64_TO_32_BIT_CONVERSION = YES;
				GCC_WARN_ABOUT_RETURN_TYPE = YES_ERROR;
				GCC_WARN_UNDECLARED_SELECTOR = YES;
				GCC_WARN_UNINITIALIZED_AUTOS = YES_AGGRESSIVE;
				GCC_WARN_UNUSED_FUNCTION = YES;
				GCC_WARN_UNUSED_VARIABLE = YES;
				IPHONEOS_DEPLOYMENT_TARGET = 13.0;
				MTL_ENABLE_DEBUG_INFO = INCLUDE_SOURCE;
				MTL_FAST_MATH = YES;
				ONLY_ACTIVE_ARCH = YES;
				SDKROOT = iphoneos;
				SWIFT_ACTIVE_COMPILATION_CONDITIONS = DEBUG;
				SWIFT_OPTIMIZATION_LEVEL = "-Onone";
			};
			name = Debug;
		};
		25420118230812F200FBD1BC /* Release */ = {
			isa = XCBuildConfiguration;
			buildSettings = {
				ALWAYS_SEARCH_USER_PATHS = NO;
				CLANG_ANALYZER_NONNULL = YES;
				CLANG_ANALYZER_NUMBER_OBJECT_CONVERSION = YES_AGGRESSIVE;
				CLANG_CXX_LANGUAGE_STANDARD = "gnu++14";
				CLANG_CXX_LIBRARY = "libc++";
				CLANG_ENABLE_MODULES = YES;
				CLANG_ENABLE_OBJC_ARC = YES;
				CLANG_ENABLE_OBJC_WEAK = YES;
				CLANG_WARN_BLOCK_CAPTURE_AUTORELEASING = YES;
				CLANG_WARN_BOOL_CONVERSION = YES;
				CLANG_WARN_COMMA = YES;
				CLANG_WARN_CONSTANT_CONVERSION = YES;
				CLANG_WARN_DEPRECATED_OBJC_IMPLEMENTATIONS = YES;
				CLANG_WARN_DIRECT_OBJC_ISA_USAGE = YES_ERROR;
				CLANG_WARN_DOCUMENTATION_COMMENTS = YES;
				CLANG_WARN_EMPTY_BODY = YES;
				CLANG_WARN_ENUM_CONVERSION = YES;
				CLANG_WARN_INFINITE_RECURSION = YES;
				CLANG_WARN_INT_CONVERSION = YES;
				CLANG_WARN_NON_LITERAL_NULL_CONVERSION = YES;
				CLANG_WARN_OBJC_IMPLICIT_RETAIN_SELF = YES;
				CLANG_WARN_OBJC_LITERAL_CONVERSION = YES;
				CLANG_WARN_OBJC_ROOT_CLASS = YES_ERROR;
				CLANG_WARN_RANGE_LOOP_ANALYSIS = YES;
				CLANG_WARN_STRICT_PROTOTYPES = YES;
				CLANG_WARN_SUSPICIOUS_MOVE = YES;
				CLANG_WARN_UNGUARDED_AVAILABILITY = YES_AGGRESSIVE;
				CLANG_WARN_UNREACHABLE_CODE = YES;
				CLANG_WARN__DUPLICATE_METHOD_MATCH = YES;
				COPY_PHASE_STRIP = NO;
				DEBUG_INFORMATION_FORMAT = "dwarf-with-dsym";
				ENABLE_NS_ASSERTIONS = NO;
				ENABLE_STRICT_OBJC_MSGSEND = YES;
				GCC_C_LANGUAGE_STANDARD = gnu11;
				GCC_NO_COMMON_BLOCKS = YES;
				GCC_WARN_64_TO_32_BIT_CONVERSION = YES;
				GCC_WARN_ABOUT_RETURN_TYPE = YES_ERROR;
				GCC_WARN_UNDECLARED_SELECTOR = YES;
				GCC_WARN_UNINITIALIZED_AUTOS = YES_AGGRESSIVE;
				GCC_WARN_UNUSED_FUNCTION = YES;
				GCC_WARN_UNUSED_VARIABLE = YES;
				IPHONEOS_DEPLOYMENT_TARGET = 13.0;
				MTL_ENABLE_DEBUG_INFO = NO;
				MTL_FAST_MATH = YES;
				SDKROOT = iphoneos;
				SWIFT_COMPILATION_MODE = wholemodule;
				SWIFT_OPTIMIZATION_LEVEL = "-O";
				VALIDATE_PRODUCT = YES;
			};
			name = Release;
		};
		2542011A230812F200FBD1BC /* Debug */ = {
			isa = XCBuildConfiguration;
			buildSettings = {
				ASSETCATALOG_COMPILER_APPICON_NAME = AppIcon;
				CODE_SIGN_STYLE = Automatic;
				DEVELOPMENT_ASSET_PATHS = "WhatsWeather/Preview\\ Content";
				DEVELOPMENT_TEAM = M9M57XA94Z;
				ENABLE_PREVIEWS = YES;
				INFOPLIST_FILE = WhatsWeather/Info.plist;
				LD_RUNPATH_SEARCH_PATHS = (
					"$(inherited)",
					"@executable_path/Frameworks",
				);
				PRODUCT_BUNDLE_IDENTIFIER = com.quintum.WhatsWeather;
				PRODUCT_NAME = "$(TARGET_NAME)";
				SWIFT_VERSION = 5.0;
				TARGETED_DEVICE_FAMILY = "1,2";
			};
			name = Debug;
		};
		2542011B230812F200FBD1BC /* Release */ = {
			isa = XCBuildConfiguration;
			buildSettings = {
				ASSETCATALOG_COMPILER_APPICON_NAME = AppIcon;
				CODE_SIGN_STYLE = Automatic;
				DEVELOPMENT_ASSET_PATHS = "WhatsWeather/Preview\\ Content";
				DEVELOPMENT_TEAM = M9M57XA94Z;
				ENABLE_PREVIEWS = YES;
				INFOPLIST_FILE = WhatsWeather/Info.plist;
				LD_RUNPATH_SEARCH_PATHS = (
					"$(inherited)",
					"@executable_path/Frameworks",
				);
				PRODUCT_BUNDLE_IDENTIFIER = com.quintum.WhatsWeather;
				PRODUCT_NAME = "$(TARGET_NAME)";
				SWIFT_VERSION = 5.0;
				TARGETED_DEVICE_FAMILY = "1,2";
			};
			name = Release;
		};
/* End XCBuildConfiguration section */

/* Begin XCConfigurationList section */
		25420100230812F000FBD1BC /* Build configuration list for PBXProject "WhatsWeather" */ = {
			isa = XCConfigurationList;
			buildConfigurations = (
				25420117230812F200FBD1BC /* Debug */,
				25420118230812F200FBD1BC /* Release */,
			);
			defaultConfigurationIsVisible = 0;
			defaultConfigurationName = Release;
		};
		25420119230812F200FBD1BC /* Build configuration list for PBXNativeTarget "WhatsWeather" */ = {
			isa = XCConfigurationList;
			buildConfigurations = (
				2542011A230812F200FBD1BC /* Debug */,
				2542011B230812F200FBD1BC /* Release */,
			);
			defaultConfigurationIsVisible = 0;
			defaultConfigurationName = Release;
		};
/* End XCConfigurationList section */
	};
	rootObject = 254200FD230812F000FBD1BC /* Project object */;
}
